
Microsoft Visual Studio Solution File, Format Version 12.00
# Visual Studio Version 17
VisualStudioVersion = 17.11.35312.102
MinimumVisualStudioVersion = 10.0.40219.1
Project("{9A19103F-16F7-4668-BE54-9A1E7A4F7556}") = "Calculate_BMI", "Calculate_BMI\Calculate_BMI.csproj", "{91136F4A-D2C4-45C7-90A8-0FD46C243A58}"
EndProject
Project("{FAE04EC0-301F-11D3-BF4B-00C04F79EFBC}") = "Print_The_Multiplication_Table", "Print_The_Multiplication_Table\Print_The_Multiplication_Table.csproj", "{DE334325-2B0C-406E-BD7F-E6F11B085AEC}"
EndProject
Global
	GlobalSection(SolutionConfigurationPlatforms) = preSolution
		Debug|Any CPU = Debug|Any CPU
		Release|Any CPU = Release|Any CPU
	EndGlobalSection
	GlobalSection(ProjectConfigurationPlatforms) = postSolution
		{91136F4A-D2C4-45C7-90A8-0FD46C243A58}.Debug|Any CPU.ActiveCfg = Debug|Any CPU
		{91136F4A-D2C4-45C7-90A8-0FD46C243A58}.Debug|Any CPU.Build.0 = Debug|Any CPU
		{91136F4A-D2C4-45C7-90A8-0FD46C243A58}.Release|Any CPU.ActiveCfg = Release|Any CPU
		{91136F4A-D2C4-45C7-90A8-0FD46C243A58}.Release|Any CPU.Build.0 = Release|Any CPU
		{DE334325-2B0C-406E-BD7F-E6F11B085AEC}.Debug|Any CPU.ActiveCfg = Debug|Any CPU
		{DE334325-2B0C-406E-BD7F-E6F11B085AEC}.Debug|Any CPU.Build.0 = Debug|Any CPU
		{DE334325-2B0C-406E-BD7F-E6F11B085AEC}.Release|Any CPU.ActiveCfg = Release|Any CPU
		{DE334325-2B0C-406E-BD7F-E6F11B085AEC}.Release|Any CPU.Build.0 = Release|Any CPU
	EndGlobalSection
	GlobalSection(SolutionProperties) = preSolution
		HideSolutionNode = FALSE
	EndGlobalSection
	GlobalSection(ExtensibilityGlobals) = postSolution
		SolutionGuid = {919656D6-198C-4D18-B7C7-4D6FA2F15C19}
	EndGlobalSection
EndGlobal
